PODS:
  - Alamofire (4.8.2)
  - DLRadioButton (1.4.12)
  - DropDown (2.3.2)
  - Dropper (2.7.6)
  - JJFloatingActionButton (0.10.0)
  - MDHTMLLabel (1.0.2)
  - OneSignal (2.10.0)
  - ReverseExtension (0.5.0)
  - SearchTextField (1.2.0)
  - Stripe (15.0.1)
  - SVProgressHUD (2.2.5)
  - SwiftMessages (4.0.0)
  - SwiftyJSON (4.3.0)
  - XLPagerTabStrip (8.0.1)

DEPENDENCIES:
  - Alamofire (~> 4.4)
  - DLRadioButton (~> 1.4)
  - DropDown (= 2.3.2)
  - Dropper
  - JJFloatingActionButton (= 0.10.0)
  - MDHTMLLabel
  - OneSignal (< 3.0, >= 2.6.2)
  - ReverseExtension
  - SearchTextField (= 1.2.0)
  - Stripe
  - SVProgressHUD
  - SwiftMessages (= 4.0.0)
  - SwiftyJSON (~> 4.0)
  - XLPagerTabStrip (= 8.0.1)

SPEC REPOS:
  https://github.com/cocoapods/specs.git:
    - Alamofire
    - DLRadioButton
    - DropDown
    - Dropper
    - JJFloatingActionButton
    - MDHTMLLabel
    - OneSignal
    - ReverseExtension
    - SearchTextField
    - Stripe
    - SVProgressHUD
    - SwiftMessages
    - SwiftyJSON
    - XLPagerTabStrip

SPEC CHECKSUMS:
  Alamofire: ae5c501addb7afdbb13687d7f2f722c78734c2d3
  DLRadioButton: d7c4e225ed0e8013cef7be61455230c7557ad7c1
  DropDown: 7f87abecc28f9b4edad810fe1211c5c018c257e5
  Dropper: 52a020beb6fef2e4b1d55447f17099e5776954ef
  JJFloatingActionButton: 7e9e924d0819ebeb6a566dade9d5dbed63ff8add
  MDHTMLLabel: 18bf09ec7d6c1ae396497345c005857c0493ee0a
  OneSignal: 0f5ff711d9f25da54885e4ab06ef0abc221a46ef
  ReverseExtension: 21c8dd4e767f93b56fb97d873686d24160f83945
  SearchTextField: a5bb7e4c33affadb115afdbe8100d84ef10a8024
  Stripe: 2c4d0a88817361a102886315ff452d90f65e898b
  SVProgressHUD: 1428aafac632c1f86f62aa4243ec12008d7a51d6
  SwiftMessages: cd565e0e7d095584be1770c012c6b5be4183b5ee
  SwiftyJSON: 6faa0040f8b59dead0ee07436cbf76b73c08fd08
  XLPagerTabStrip: c908b17cbf42fcd2598ee1adfc49bae25444d88a

PODFILE CHECKSUM: ce859ff036efb8e5af748a02cabcdcd9a02c4410

COCOAPODS: 1.7.2
